
Microsoft Visual Studio Solution File, Format Version 11.00
# Visual Studio 2010
Project("{FAE04EC0-301F-11D3-BF4B-00C04F79EFBC}") = "EFCodeFirstCacheExtensions", "EFCodeFirstCacheExtensions\EFCodeFirstCacheExtensions.csproj", "{22C50D35-27F6-46E3-9D3D-9B046919BB81}"
EndProject
Project("{FAE04EC0-301F-11D3-BF4B-00C04F79EFBC}") = "AppFabricCacheProvider", "AppFabricCacheProvider\AppFabricCacheProvider.csproj", "{FADA5436-4A83-4E01-84AF-64A878F886F5}"
EndProject
Project("{FAE04EC0-301F-11D3-BF4B-00C04F79EFBC}") = "EFCodeFirstCache.Test", "EFCodeFirstCache.Test\EFCodeFirstCache.Test.csproj", "{3A61CC44-9856-412A-8E6D-6E2A85B8B0EF}"
EndProject
Project("{2150E333-8FDC-42A3-9474-1A3956D46DE8}") = "Solution Items", "Solution Items", "{8A3B3103-469A-4A98-8DEB-C12E6B018B91}"
	ProjectSection(SolutionItems) = preProject
		EFCodeFirstCacheExtensions.vsmdi = EFCodeFirstCacheExtensions.vsmdi
		Local.testsettings = Local.testsettings
		TraceAndTestImpact.testsettings = TraceAndTestImpact.testsettings
	EndProjectSection
EndProject
Global
	GlobalSection(TestCaseManagementSettings) = postSolution
		CategoryFile = EFCodeFirstCacheExtensions.vsmdi
	EndGlobalSection
	GlobalSection(SolutionConfigurationPlatforms) = preSolution
		Debug|Any CPU = Debug|Any CPU
		Release|Any CPU = Release|Any CPU
	EndGlobalSection
	GlobalSection(ProjectConfigurationPlatforms) = postSolution
		{22C50D35-27F6-46E3-9D3D-9B046919BB81}.Debug|Any CPU.ActiveCfg = Debug|Any CPU
		{22C50D35-27F6-46E3-9D3D-9B046919BB81}.Debug|Any CPU.Build.0 = Debug|Any CPU
		{22C50D35-27F6-46E3-9D3D-9B046919BB81}.Release|Any CPU.ActiveCfg = Release|Any CPU
		{22C50D35-27F6-46E3-9D3D-9B046919BB81}.Release|Any CPU.Build.0 = Release|Any CPU
		{FADA5436-4A83-4E01-84AF-64A878F886F5}.Debug|Any CPU.ActiveCfg = Debug|Any CPU
		{FADA5436-4A83-4E01-84AF-64A878F886F5}.Debug|Any CPU.Build.0 = Debug|Any CPU
		{FADA5436-4A83-4E01-84AF-64A878F886F5}.Release|Any CPU.ActiveCfg = Release|Any CPU
		{FADA5436-4A83-4E01-84AF-64A878F886F5}.Release|Any CPU.Build.0 = Release|Any CPU
		{3A61CC44-9856-412A-8E6D-6E2A85B8B0EF}.Debug|Any CPU.ActiveCfg = Debug|Any CPU
		{3A61CC44-9856-412A-8E6D-6E2A85B8B0EF}.Debug|Any CPU.Build.0 = Debug|Any CPU
		{3A61CC44-9856-412A-8E6D-6E2A85B8B0EF}.Release|Any CPU.ActiveCfg = Release|Any CPU
		{3A61CC44-9856-412A-8E6D-6E2A85B8B0EF}.Release|Any CPU.Build.0 = Release|Any CPU
	EndGlobalSection
	GlobalSection(SolutionProperties) = preSolution
		HideSolutionNode = FALSE
	EndGlobalSection
EndGlobal
